
Microsoft Visual Studio Solution File, Format Version 12.00
# Visual Studio 15
VisualStudioVersion = 15.0.28010.2046
MinimumVisualStudioVersion = 10.0.40219.1
Project("{9A19103F-16F7-4668-BE54-9A1E7A4F7556}") = "Kookboek.Web", "Kookboek\Kookboek.Web.csproj", "{70D181E6-44C4-4B8F-8910-20963B38B519}"
EndProject
Project("{9A19103F-16F7-4668-BE54-9A1E7A4F7556}") = "Kookboek.Models", "Model\Kookboek.Models.csproj", "{D7FDC752-4D93-4F89-AEE5-C11F1E6E65B9}"
EndProject
Global
	GlobalSection(SolutionConfigurationPlatforms) = preSolution
		Debug|Any CPU = Debug|Any CPU
		Release|Any CPU = Release|Any CPU
	EndGlobalSection
	GlobalSection(ProjectConfigurationPlatforms) = postSolution
		{70D181E6-44C4-4B8F-8910-20963B38B519}.Debug|Any CPU.ActiveCfg = Debug|Any CPU
		{70D181E6-44C4-4B8F-8910-20963B38B519}.Debug|Any CPU.Build.0 = Debug|Any CPU
		{70D181E6-44C4-4B8F-8910-20963B38B519}.Release|Any CPU.ActiveCfg = Release|Any CPU
		{70D181E6-44C4-4B8F-8910-20963B38B519}.Release|Any CPU.Build.0 = Release|Any CPU
		{D7FDC752-4D93-4F89-AEE5-C11F1E6E65B9}.Debug|Any CPU.ActiveCfg = Debug|Any CPU
		{D7FDC752-4D93-4F89-AEE5-C11F1E6E65B9}.Debug|Any CPU.Build.0 = Debug|Any CPU
		{D7FDC752-4D93-4F89-AEE5-C11F1E6E65B9}.Release|Any CPU.ActiveCfg = Release|Any CPU
		{D7FDC752-4D93-4F89-AEE5-C11F1E6E65B9}.Release|Any CPU.Build.0 = Release|Any CPU
	EndGlobalSection
	GlobalSection(SolutionProperties) = preSolution
		HideSolutionNode = FALSE
	EndGlobalSection
	GlobalSection(ExtensibilityGlobals) = postSolution
		SolutionGuid = {0C7AECDF-D4CB-42A3-A840-75ACA22EAB58}
	EndGlobalSection
EndGlobal
